
Microsoft Visual Studio Solution File, Format Version 11.00
# Visual Studio 2010
Project("{FAE04EC0-301F-11D3-BF4B-00C04F79EFBC}") = "Night At The Museum", "Assembly-CSharp.csproj", "{025693BC-9F91-94E7-380F-AF4654C09F5C}"
EndProject
Project("{FAE04EC0-301F-11D3-BF4B-00C04F79EFBC}") = "Night At The Museum", "Assembly-CSharp-firstpass.csproj", "{8E216DCD-DC03-7F56-B6FB-CDEC2F0EF7F6}"
EndProject
Project("{FAE04EC0-301F-11D3-BF4B-00C04F79EFBC}") = "Night At The Museum", "Assembly-CSharp-Editor.csproj", "{166B8DC6-381F-8265-4936-AF63852A1CEB}"
EndProject
Global
	GlobalSection(SolutionConfigurationPlatforms) = preSolution
		Debug|Any CPU = Debug|Any CPU
		Release|Any CPU = Release|Any CPU
	EndGlobalSection
	GlobalSection(ProjectConfigurationPlatforms) = postSolution
		{025693BC-9F91-94E7-380F-AF4654C09F5C}.Debug|Any CPU.ActiveCfg = Debug|Any CPU
		{025693BC-9F91-94E7-380F-AF4654C09F5C}.Debug|Any CPU.Build.0 = Debug|Any CPU
		{025693BC-9F91-94E7-380F-AF4654C09F5C}.Release|Any CPU.ActiveCfg = Release|Any CPU
		{025693BC-9F91-94E7-380F-AF4654C09F5C}.Release|Any CPU.Build.0 = Release|Any CPU
		{8E216DCD-DC03-7F56-B6FB-CDEC2F0EF7F6}.Debug|Any CPU.ActiveCfg = Debug|Any CPU
		{8E216DCD-DC03-7F56-B6FB-CDEC2F0EF7F6}.Debug|Any CPU.Build.0 = Debug|Any CPU
		{8E216DCD-DC03-7F56-B6FB-CDEC2F0EF7F6}.Release|Any CPU.ActiveCfg = Release|Any CPU
		{8E216DCD-DC03-7F56-B6FB-CDEC2F0EF7F6}.Release|Any CPU.Build.0 = Release|Any CPU
		{166B8DC6-381F-8265-4936-AF63852A1CEB}.Debug|Any CPU.ActiveCfg = Debug|Any CPU
		{166B8DC6-381F-8265-4936-AF63852A1CEB}.Debug|Any CPU.Build.0 = Debug|Any CPU
		{166B8DC6-381F-8265-4936-AF63852A1CEB}.Release|Any CPU.ActiveCfg = Release|Any CPU
		{166B8DC6-381F-8265-4936-AF63852A1CEB}.Release|Any CPU.Build.0 = Release|Any CPU
	EndGlobalSection
	GlobalSection(SolutionProperties) = preSolution
		HideSolutionNode = FALSE
	EndGlobalSection
	GlobalSection(MonoDevelopProperties) = preSolution
		StartupItem = Assembly-CSharp.csproj
	EndGlobalSection
EndGlobal
